// !$*UTF8*$!
{
	archiveVersion = 1;
	classes = {
	};
	objectVersion = 48;
	objects = {

/* Begin PBXBuildFile section */
		041B560F200F90CF003D25AF /* ViewControllerSettings.m in Sources */ = {isa = PBXBuildFile; fileRef = 041B560E200F90CF003D25AF /* ViewControllerSettings.m */; };
		041B5612200F90E5003D25AF /* ViewControllerAbout.m in Sources */ = {isa = PBXBuildFile; fileRef = 041B5611200F90E5003D25AF /* ViewControllerAbout.m */; };
		041B5615200F9187003D25AF /* Setting.m in Sources */ = {isa = PBXBuildFile; fileRef = 041B5614200F9187003D25AF /* Setting.m */; };
		04335187200CDF2C006D0683 /* AppDelegate.m in Sources */ = {isa = PBXBuildFile; fileRef = 04335186200CDF2C006D0683 /* AppDelegate.m */; };
		0433518A200CDF2C006D0683 /* ViewController.m in Sources */ = {isa = PBXBuildFile; fileRef = 04335189200CDF2C006D0683 /* ViewController.m */; };
		0433518D200CDF2C006D0683 /* Main.storyboard in Resources */ = {isa = PBXBuildFile; fileRef = 0433518B200CDF2C006D0683 /* Main.storyboard */; };
		0433518F200CDF2C006D0683 /* Assets.xcassets in Resources */ = {isa = PBXBuildFile; fileRef = 0433518E200CDF2C006D0683 /* Assets.xcassets */; };
		04335192200CDF2C006D0683 /* LaunchScreen.storyboard in Resources */ = {isa = PBXBuildFile; fileRef = 04335190200CDF2C006D0683 /* LaunchScreen.storyboard */; };
		04335195200CDF2C006D0683 /* main.m in Sources */ = {isa = PBXBuildFile; fileRef = 04335194200CDF2C006D0683 /* main.m */; };
		0433519D200CDF4B006D0683 /* ViewControllerGame.m in Sources */ = {isa = PBXBuildFile; fileRef = 0433519C200CDF4B006D0683 /* ViewControllerGame.m */; };
/* End PBXBuildFile section */

/* Begin PBXFileReference section */
		041B560D200F90CF003D25AF /* ViewControllerSettings.h */ = {isa = PBXFileReference; lastKnownFileType = sourcecode.c.h; path = ViewControllerSettings.h; sourceTree = "<group>"; };
		041B560E200F90CF003D25AF /* ViewControllerSettings.m */ = {isa = PBXFileReference; lastKnownFileType = sourcecode.c.objc; path = ViewControllerSettings.m; sourceTree = "<group>"; };
		041B5610200F90E5003D25AF /* ViewControllerAbout.h */ = {isa = PBXFileReference; lastKnownFileType = sourcecode.c.h; path = ViewControllerAbout.h; sourceTree = "<group>"; };
		041B5611200F90E5003D25AF /* ViewControllerAbout.m */ = {isa = PBXFileReference; lastKnownFileType = sourcecode.c.objc; path = ViewControllerAbout.m; sourceTree = "<group>"; };
		041B5613200F9187003D25AF /* Setting.h */ = {isa = PBXFileReference; lastKnownFileType = sourcecode.c.h; path = Setting.h; sourceTree = "<group>"; };
		041B5614200F9187003D25AF /* Setting.m */ = {isa = PBXFileReference; lastKnownFileType = sourcecode.c.objc; path = Setting.m; sourceTree = "<group>"; };
		04335182200CDF2C006D0683 /* Lab1JohanHjalmarsson.app */ = {isa = PBXFileReference; explicitFileType = wrapper.application; includeInIndex = 0; path = Lab1JohanHjalmarsson.app; sourceTree = BUILT_PRODUCTS_DIR; };
		04335185200CDF2C006D0683 /* AppDelegate.h */ = {isa = PBXFileReference; lastKnownFileType = sourcecode.c.h; path = AppDelegate.h; sourceTree = "<group>"; };
		04335186200CDF2C006D0683 /* AppDelegate.m */ = {isa = PBXFileReference; lastKnownFileType = sourcecode.c.objc; path = AppDelegate.m; sourceTree = "<group>"; };
		04335188200CDF2C006D0683 /* ViewController.h */ = {isa = PBXFileReference; lastKnownFileType = sourcecode.c.h; path = ViewController.h; sourceTree = "<group>"; };
		04335189200CDF2C006D0683 /* ViewController.m */ = {isa = PBXFileReference; lastKnownFileType = sourcecode.c.objc; path = ViewController.m; sourceTree = "<group>"; };
		0433518C200CDF2C006D0683 /* Base */ = {isa = PBXFileReference; lastKnownFileType = file.storyboard; name = Base; path = Base.lproj/Main.storyboard; sourceTree = "<group>"; };
		0433518E200CDF2C006D0683 /* Assets.xcassets */ = {isa = PBXFileReference; lastKnownFileType = folder.assetcatalog; path = Assets.xcassets; sourceTree = "<group>"; };
		04335191200CDF2C006D0683 /* Base */ = {isa = PBXFileReference; lastKnownFileType = file.storyboard; name = Base; path = Base.lproj/LaunchScreen.storyboard; sourceTree = "<group>"; };
		04335193200CDF2C006D0683 /* Info.plist */ = {isa = PBXFileReference; lastKnownFileType = text.plist.xml; path = Info.plist; sourceTree = "<group>"; };
		04335194200CDF2C006D0683 /* main.m */ = {isa = PBXFileReference; lastKnownFileType = sourcecode.c.objc; path = main.m; sourceTree = "<group>"; };
		0433519B200CDF4B006D0683 /* ViewControllerGame.h */ = {isa = PBXFileReference; lastKnownFileType = sourcecode.c.h; path = ViewControllerGame.h; sourceTree = "<group>"; };
		0433519C200CDF4B006D0683 /* ViewControllerGame.m */ = {isa = PBXFileReference; lastKnownFileType = sourcecode.c.objc; path = ViewControllerGame.m; sourceTree = "<group>"; };
/* End PBXFileReference section */

/* Begin PBXFrameworksBuildPhase section */
		0433517F200CDF2C006D0683 /* Frameworks */ = {
			isa = PBXFrameworksBuildPhase;
			buildActionMask = 2147483647;
			files = (
			);
			runOnlyForDeploymentPostprocessing = 0;
		};
/* End PBXFrameworksBuildPhase section */

/* Begin PBXGroup section */
		04335179200CDF2C006D0683 = {
			isa = PBXGroup;
			children = (
				04335184200CDF2C006D0683 /* Lab1JohanHjalmarsson */,
				04335183200CDF2C006D0683 /* Products */,
			);
			sourceTree = "<group>";
		};
		04335183200CDF2C006D0683 /* Products */ = {
			isa = PBXGroup;
			children = (
				04335182200CDF2C006D0683 /* Lab1JohanHjalmarsson.app */,
			);
			name = Products;
			sourceTree = "<group>";
		};
		04335184200CDF2C006D0683 /* Lab1JohanHjalmarsson */ = {
			isa = PBXGroup;
			children = (
				0433519B200CDF4B006D0683 /* ViewControllerGame.h */,
				0433519C200CDF4B006D0683 /* ViewControllerGame.m */,
				04335185200CDF2C006D0683 /* AppDelegate.h */,
				04335186200CDF2C006D0683 /* AppDelegate.m */,
				041B5613200F9187003D25AF /* Setting.h */,
				041B5614200F9187003D25AF /* Setting.m */,
				04335188200CDF2C006D0683 /* ViewController.h */,
				04335189200CDF2C006D0683 /* ViewController.m */,
				041B560D200F90CF003D25AF /* ViewControllerSettings.h */,
				041B560E200F90CF003D25AF /* ViewControllerSettings.m */,
				041B5610200F90E5003D25AF /* ViewControllerAbout.h */,
				041B5611200F90E5003D25AF /* ViewControllerAbout.m */,
				0433518B200CDF2C006D0683 /* Main.storyboard */,
				0433518E200CDF2C006D0683 /* Assets.xcassets */,
				04335190200CDF2C006D0683 /* LaunchScreen.storyboard */,
				04335193200CDF2C006D0683 /* Info.plist */,
				04335194200CDF2C006D0683 /* main.m */,
			);
			path = Lab1JohanHjalmarsson;
			sourceTree = "<group>";
		};
/* End PBXGroup section */

/* Begin PBXNativeTarget section */
		04335181200CDF2C006D0683 /* Lab1JohanHjalmarsson */ = {
			isa = PBXNativeTarget;
			buildConfigurationList = 04335198200CDF2C006D0683 /* Build configuration list for PBXNativeTarget "Lab1JohanHjalmarsson" */;
			buildPhases = (
				0433517E200CDF2C006D0683 /* Sources */,
				0433517F200CDF2C006D0683 /* Frameworks */,
				04335180200CDF2C006D0683 /* Resources */,
			);
			buildRules = (
			);
			dependencies = (
			);
			name = Lab1JohanHjalmarsson;
			productName = Lab1JohanHjalmarsson;
			productReference = 04335182200CDF2C006D0683 /* Lab1JohanHjalmarsson.app */;
			productType = "com.apple.product-type.application";
		};
/* End PBXNativeTarget section */

/* Begin PBXProject section */
		0433517A200CDF2C006D0683 /* Project object */ = {
			isa = PBXProject;
			attributes = {
				LastUpgradeCheck = 0920;
				ORGANIZATIONNAME = "Johan Hjalmarsson";
				TargetAttributes = {
					04335181200CDF2C006D0683 = {
						CreatedOnToolsVersion = 9.2;
						ProvisioningStyle = Automatic;
					};
				};
			};
			buildConfigurationList = 0433517D200CDF2C006D0683 /* Build configuration list for PBXProject "Lab1JohanHjalmarsson" */;
			compatibilityVersion = "Xcode 8.0";
			developmentRegion = en;
			hasScannedForEncodings = 0;
			knownRegions = (
				en,
				Base,
			);
			mainGroup = 04335179200CDF2C006D0683;
			productRefGroup = 04335183200CDF2C006D0683 /* Products */;
			projectDirPath = "";
			projectRoot = "";
			targets = (
				04335181200CDF2C006D0683 /* Lab1JohanHjalmarsson */,
			);
		};
/* End PBXProject section */

/* Begin PBXResourcesBuildPhase section */
		04335180200CDF2C006D0683 /* Resources */ = {
			isa = PBXResourcesBuildPhase;
			buildActionMask = 2147483647;
			files = (
				04335192200CDF2C006D0683 /* LaunchScreen.storyboard in Resources */,
				0433518F200CDF2C006D0683 /* Assets.xcassets in Resources */,
				0433518D200CDF2C006D0683 /* Main.storyboard in Resources */,
			);
			runOnlyForDeploymentPostprocessing = 0;
		};
/* End PBXResourcesBuildPhase section */

/* Begin PBXSourcesBuildPhase section */
		0433517E200CDF2C006D0683 /* Sources */ = {
			isa = PBXSourcesBuildPhase;
			buildActionMask = 2147483647;
			files = (
				041B5615200F9187003D25AF /* Setting.m in Sources */,
				0433519D200CDF4B006D0683 /* ViewControllerGame.m in Sources */,
				0433518A200CDF2C006D0683 /* ViewController.m in Sources */,
				04335195200CDF2C006D0683 /* main.m in Sources */,
				04335187200CDF2C006D0683 /* AppDelegate.m in Sources */,
				041B5612200F90E5003D25AF /* ViewControllerAbout.m in Sources */,
				041B560F200F90CF003D25AF /* ViewControllerSettings.m in Sources */,
			);
			runOnlyForDeploymentPostprocessing = 0;
		};
/* End PBXSourcesBuildPhase section */

/* Begin PBXVariantGroup section */
		0433518B200CDF2C006D0683 /* Main.storyboard */ = {
			isa = PBXVariantGroup;
			children = (
				0433518C200CDF2C006D0683 /* Base */,
			);
			name = Main.storyboard;
			sourceTree = "<group>";
		};
		04335190200CDF2C006D0683 /* LaunchScreen.storyboard */ = {
			isa = PBXVariantGroup;
			children = (
				04335191200CDF2C006D0683 /* Base */,
			);
			name = LaunchScreen.storyboard;
			sourceTree = "<group>";
		};
/* End PBXVariantGroup section */

/* Begin XCBuildConfiguration section */
		04335196200CDF2C006D0683 /* Debug */ = {
			isa = XCBuildConfiguration;
			buildSettings = {
				ALWAYS_SEARCH_USER_PATHS = NO;
				CLANG_ANALYZER_NONNULL = YES;
				CLANG_ANALYZER_NUMBER_OBJECT_CONVERSION = YES_AGGRESSIVE;
				CLANG_CXX_LANGUAGE_STANDARD = "gnu++14";
				CLANG_CXX_LIBRARY = "libc++";
				CLANG_ENABLE_MODULES = YES;
				CLANG_ENABLE_OBJC_ARC = YES;
				CLANG_WARN_BLOCK_CAPTURE_AUTORELEASING = YES;
				CLANG_WARN_BOOL_CONVERSION = YES;
				CLANG_WARN_COMMA = YES;
				CLANG_WARN_CONSTANT_CONVERSION = YES;
				CLANG_WARN_DIRECT_OBJC_ISA_USAGE = YES_ERROR;
				CLANG_WARN_DOCUMENTATION_COMMENTS = YES;
				CLANG_WARN_EMPTY_BODY = YES;
				CLANG_WARN_ENUM_CONVERSION = YES;
				CLANG_WARN_INFINITE_RECURSION = YES;
				CLANG_WARN_INT_CONVERSION = YES;
				CLANG_WARN_NON_LITERAL_NULL_CONVERSION = YES;
				CLANG_WARN_OBJC_LITERAL_CONVERSION = YES;
				CLANG_WARN_OBJC_ROOT_CLASS = YES_ERROR;
				CLANG_WARN_RANGE_LOOP_ANALYSIS = YES;
				CLANG_WARN_STRICT_PROTOTYPES = YES;
				CLANG_WARN_SUSPICIOUS_MOVE = YES;
				CLANG_WARN_UNGUARDED_AVAILABILITY = YES_AGGRESSIVE;
				CLANG_WARN_UNREACHABLE_CODE = YES;
				CLANG_WARN__DUPLICATE_METHOD_MATCH = YES;
				CODE_SIGN_IDENTITY = "iPhone Developer";
				COPY_PHASE_STRIP = NO;
				DEBUG_INFORMATION_FORMAT = dwarf;
				ENABLE_STRICT_OBJC_MSGSEND = YES;
				ENABLE_TESTABILITY = YES;
				GCC_C_LANGUAGE_STANDARD = gnu11;
				GCC_DYNAMIC_NO_PIC = NO;
				GCC_NO_COMMON_BLOCKS = YES;
				GCC_OPTIMIZATION_LEVEL = 0;
				GCC_PREPROCESSOR_DEFINITIONS = (
					"DEBUG=1",
					"$(inherited)",
				);
				GCC_WARN_64_TO_32_BIT_CONVERSION = YES;
				GCC_WARN_ABOUT_RETURN_TYPE = YES_ERROR;
				GCC_WARN_UNDECLARED_SELECTOR = YES;
				GCC_WARN_UNINITIALIZED_AUTOS = YES_AGGRESSIVE;
				GCC_WARN_UNUSED_FUNCTION = YES;
				GCC_WARN_UNUSED_VARIABLE = YES;
				IPHONEOS_DEPLOYMENT_TARGET = 11.2;
				MTL_ENABLE_DEBUG_INFO = YES;
				ONLY_ACTIVE_ARCH = YES;
				SDKROOT = iphoneos;
			};
			name = Debug;
		};
		04335197200CDF2C006D0683 /* Release */ = {
			isa = XCBuildConfiguration;
			buildSettings = {
				ALWAYS_SEARCH_USER_PATHS = NO;
				CLANG_ANALYZER_NONNULL = YES;
				CLANG_ANALYZER_NUMBER_OBJECT_CONVERSION = YES_AGGRESSIVE;
				CLANG_CXX_LANGUAGE_STANDARD = "gnu++14";
				CLANG_CXX_LIBRARY = "libc++";
				CLANG_ENABLE_MODULES = YES;
				CLANG_ENABLE_OBJC_ARC = YES;
				CLANG_WARN_BLOCK_CAPTURE_AUTORELEASING = YES;
				CLANG_WARN_BOOL_CONVERSION = YES;
				CLANG_WARN_COMMA = YES;
				CLANG_WARN_CONSTANT_CONVERSION = YES;
				CLANG_WARN_DIRECT_OBJC_ISA_USAGE = YES_ERROR;
				CLANG_WARN_DOCUMENTATION_COMMENTS = YES;
				CLANG_WARN_EMPTY_BODY = YES;
				CLANG_WARN_ENUM_CONVERSION = YES;
				CLANG_WARN_INFINITE_RECURSION = YES;
				CLANG_WARN_INT_CONVERSION = YES;
				CLANG_WARN_NON_LITERAL_NULL_CONVERSION = YES;
				CLANG_WARN_OBJC_LITERAL_CONVERSION = YES;
				CLANG_WARN_OBJC_ROOT_CLASS = YES_ERROR;
				CLANG_WARN_RANGE_LOOP_ANALYSIS = YES;
				CLANG_WARN_STRICT_PROTOTYPES = YES;
				CLANG_WARN_SUSPICIOUS_MOVE = YES;
				CLANG_WARN_UNGUARDED_AVAILABILITY = YES_AGGRESSIVE;
				CLANG_WARN_UNREACHABLE_CODE = YES;
				CLANG_WARN__DUPLICATE_METHOD_MATCH = YES;
				CODE_SIGN_IDENTITY = "iPhone Developer";
				COPY_PHASE_STRIP = NO;
				DEBUG_INFORMATION_FORMAT = "dwarf-with-dsym";
				ENABLE_NS_ASSERTIONS = NO;
				ENABLE_STRICT_OBJC_MSGSEND = YES;
				GCC_C_LANGUAGE_STANDARD = gnu11;
				GCC_NO_COMMON_BLOCKS = YES;
				GCC_WARN_64_TO_32_BIT_CONVERSION = YES;
				GCC_WARN_ABOUT_RETURN_TYPE = YES_ERROR;
				GCC_WARN_UNDECLARED_SELECTOR = YES;
				GCC_WARN_UNINITIALIZED_AUTOS = YES_AGGRESSIVE;
				GCC_WARN_UNUSED_FUNCTION = YES;
				GCC_WARN_UNUSED_VARIABLE = YES;
				IPHONEOS_DEPLOYMENT_TARGET = 11.2;
				MTL_ENABLE_DEBUG_INFO = NO;
				SDKROOT = iphoneos;
				VALIDATE_PRODUCT = YES;
			};
			name = Release;
		};
		04335199200CDF2C006D0683 /* Debug */ = {
			isa = XCBuildConfiguration;
			buildSettings = {
				ASSETCATALOG_COMPILER_APPICON_NAME = AppIcon;
				CODE_SIGN_STYLE = Automatic;
				INFOPLIST_FILE = Lab1JohanHjalmarsson/Info.plist;
				LD_RUNPATH_SEARCH_PATHS = "$(inherited) @executable_path/Frameworks";
				PRODUCT_BUNDLE_IDENTIFIER = JH.Lab1JohanHjalmarsson;
				PRODUCT_NAME = "$(TARGET_NAME)";
				TARGETED_DEVICE_FAMILY = "1,2";
			};
			name = Debug;
		};
		0433519A200CDF2C006D0683 /* Release */ = {
			isa = XCBuildConfiguration;
			buildSettings = {
				ASSETCATALOG_COMPILER_APPICON_NAME = AppIcon;
				CODE_SIGN_STYLE = Automatic;
				INFOPLIST_FILE = Lab1JohanHjalmarsson/Info.plist;
				LD_RUNPATH_SEARCH_PATHS = "$(inherited) @executable_path/Frameworks";
				PRODUCT_BUNDLE_IDENTIFIER = JH.Lab1JohanHjalmarsson;
				PRODUCT_NAME = "$(TARGET_NAME)";
				TARGETED_DEVICE_FAMILY = "1,2";
			};
			name = Release;
		};
/* End XCBuildConfiguration section */

/* Begin XCConfigurationList section */
		0433517D200CDF2C006D0683 /* Build configuration list for PBXProject "Lab1JohanHjalmarsson" */ = {
			isa = XCConfigurationList;
			buildConfigurations = (
				04335196200CDF2C006D0683 /* Debug */,
				04335197200CDF2C006D0683 /* Release */,
			);
			defaultConfigurationIsVisible = 0;
			defaultConfigurationName = Release;
		};
		04335198200CDF2C006D0683 /* Build configuration list for PBXNativeTarget "Lab1JohanHjalmarsson" */ = {
			isa = XCConfigurationList;
			buildConfigurations = (
				04335199200CDF2C006D0683 /* Debug */,
				0433519A200CDF2C006D0683 /* Release */,
			);
			defaultConfigurationIsVisible = 0;
			defaultConfigurationName = Release;
		};
/* End XCConfigurationList section */
	};
	rootObject = 0433517A200CDF2C006D0683 /* Project object */;
}
